
Microsoft Visual Studio Solution File, Format Version 12.00
# Visual Studio Version 16
VisualStudioVersion = 16.0.29424.173
MinimumVisualStudioVersion = 10.0.40219.1
Project("{FAE04EC0-301F-11D3-BF4B-00C04F79EFBC}") = "POS_System", "POS_System.csproj", "{28B06F58-331E-4D0E-A820-1BE87F818A0D}"
EndProject
Global
	GlobalSection(SolutionConfigurationPlatforms) = preSolution
		Debug|Any CPU = Debug|Any CPU
		Release|Any CPU = Release|Any CPU
	EndGlobalSection
	GlobalSection(ProjectConfigurationPlatforms) = postSolution
		{28B06F58-331E-4D0E-A820-1BE87F818A0D}.Debug|Any CPU.ActiveCfg = Debug|Any CPU
		{28B06F58-331E-4D0E-A820-1BE87F818A0D}.Debug|Any CPU.Build.0 = Debug|Any CPU
		{28B06F58-331E-4D0E-A820-1BE87F818A0D}.Release|Any CPU.ActiveCfg = Release|Any CPU
		{28B06F58-331E-4D0E-A820-1BE87F818A0D}.Release|Any CPU.Build.0 = Release|Any CPU
	EndGlobalSection
	GlobalSection(SolutionProperties) = preSolution
		HideSolutionNode = FALSE
	EndGlobalSection
	GlobalSection(ExtensibilityGlobals) = postSolution
		SolutionGuid = {4A9FB69C-D9A9-42F0-80D7-726A9D827E22}
	EndGlobalSection
EndGlobal
